{
  "name": "example",
  "version": "1.0.0",
  "lockfileVersion": 1,
  "requires": true,
  "dependencies": {
    "@ffadilaputra/number-formatter": {
      "version": "0.2.1",
      "resolved": "https://registry.npmjs.org/@ffadilaputra/number-formatter/-/number-formatter-0.2.1.tgz",
      "integrity": "sha512-8Eme+uXaj+i0DjO7mkrot9pIigQhiqhKzaFcv1hDYTRmZYlD7SgKkMZTncnkCsJFgy5hHQmLZAQC/wI7SFrLwA=="
    }
  }
}
